{
  "pins" : [
    {
      "identity" : "carbon",
      "kind" : "remoteSourceControl",
      "location" : "https://github.com/ra1028/Carbon",
      "state" : {
        "branch" : "master",
        "revision" : "9e572593e02ce77e54932d46d130054a13e2a056"
      }
    },
    {
      "identity" : "differencekit",
      "kind" : "remoteSourceControl",
      "location" : "https://github.com/ra1028/DifferenceKit.git",
      "state" : {
        "revision" : "14c66681e12a38b81045f44c6c29724a0d4b0e72",
        "version" : "1.1.5"
      }
    },
    {
      "identity" : "kingfisher",
      "kind" : "remoteSourceControl",
      "location" : "https://github.com/onevcat/Kingfisher",
      "state" : {
        "revision" : "277f1ab2c6664b19b4a412e32b094b201e2d5757",
        "version" : "7.10.0"
      }
    },
    {
      "identity" : "snapkit",
      "kind" : "remoteSourceControl",
      "location" : "https://github.com/SnapKit/SnapKit",
      "state" : {
        "revision" : "f222cbdf325885926566172f6f5f06af95473158",
        "version" : "5.6.0"
      }
    }
  ],
  "version" : 2
}
